
Microsoft Visual Studio Solution File, Format Version 12.00
# Visual Studio Version 17
VisualStudioVersion = 17.5.002.0
MinimumVisualStudioVersion = 10.0.40219.1
Project("{9A19103F-16F7-4668-BE54-9A1E7A4F7556}") = "DesafioFundamentos", "DesafioFundamentos.csproj", "{0CC44267-7C84-4A08-8BA0-1059F4AF1746}"
EndProject
Global
	GlobalSection(SolutionConfigurationPlatforms) = preSolution
		Debug|Any CPU = Debug|Any CPU
		Release|Any CPU = Release|Any CPU
	EndGlobalSection
	GlobalSection(ProjectConfigurationPlatforms) = postSolution
		{0CC44267-7C84-4A08-8BA0-1059F4AF1746}.Debug|Any CPU.ActiveCfg = Debug|Any CPU
		{0CC44267-7C84-4A08-8BA0-1059F4AF1746}.Debug|Any CPU.Build.0 = Debug|Any CPU
		{0CC44267-7C84-4A08-8BA0-1059F4AF1746}.Release|Any CPU.ActiveCfg = Release|Any CPU
		{0CC44267-7C84-4A08-8BA0-1059F4AF1746}.Release|Any CPU.Build.0 = Release|Any CPU
	EndGlobalSection
	GlobalSection(SolutionProperties) = preSolution
		HideSolutionNode = FALSE
	EndGlobalSection
	GlobalSection(ExtensibilityGlobals) = postSolution
		SolutionGuid = {4B723666-75FA-4788-96F0-315B71E1924E}
	EndGlobalSection
EndGlobal
